// !$*UTF8*$!
{
	archiveVersion = 1;
	classes = {
	};
	objectVersion = 46;
	objects = {

/* Begin PBXBuildFile section */
		9CEEFF601ABBAFFB003C2578 /* main.m in Sources */ = {isa = PBXBuildFile; fileRef = 9CEEFF5F1ABBAFFB003C2578 /* main.m */; };
		9CEEFF631ABBAFFB003C2578 /* AppDelegate.m in Sources */ = {isa = PBXBuildFile; fileRef = 9CEEFF621ABBAFFB003C2578 /* AppDelegate.m */; };
		9CEEFF661ABBAFFB003C2578 /* ViewController.m in Sources */ = {isa = PBXBuildFile; fileRef = 9CEEFF651ABBAFFB003C2578 /* ViewController.m */; };
		9CEEFF691ABBAFFB003C2578 /* Main.storyboard in Resources */ = {isa = PBXBuildFile; fileRef = 9CEEFF671ABBAFFB003C2578 /* Main.storyboard */; };
		9CEEFF6B1ABBAFFB003C2578 /* Images.xcassets in Resources */ = {isa = PBXBuildFile; fileRef = 9CEEFF6A1ABBAFFB003C2578 /* Images.xcassets */; };
		9CEEFF6E1ABBAFFB003C2578 /* LaunchScreen.xib in Resources */ = {isa = PBXBuildFile; fileRef = 9CEEFF6C1ABBAFFB003C2578 /* LaunchScreen.xib */; };
		9CEEFF7A1ABBAFFB003C2578 /* LHExtentionsTests.m in Sources */ = {isa = PBXBuildFile; fileRef = 9CEEFF791ABBAFFB003C2578 /* LHExtentionsTests.m */; };
/* End PBXBuildFile section */

/* Begin PBXContainerItemProxy section */
		9CEEFF741ABBAFFB003C2578 /* PBXContainerItemProxy */ = {
			isa = PBXContainerItemProxy;
			containerPortal = 9CEEFF521ABBAFFB003C2578 /* Project object */;
			proxyType = 1;
			remoteGlobalIDString = 9CEEFF591ABBAFFB003C2578;
			remoteInfo = LHExtentions;
		};
/* End PBXContainerItemProxy section */

/* Begin PBXFileReference section */
		9CEEFF5A1ABBAFFB003C2578 /* LHExtentions.app */ = {isa = PBXFileReference; explicitFileType = wrapper.application; includeInIndex = 0; path = LHExtentions.app; sourceTree = BUILT_PRODUCTS_DIR; };
		9CEEFF5E1ABBAFFB003C2578 /* Info.plist */ = {isa = PBXFileReference; lastKnownFileType = text.plist.xml; path = Info.plist; sourceTree = "<group>"; };
		9CEEFF5F1ABBAFFB003C2578 /* main.m */ = {isa = PBXFileReference; lastKnownFileType = sourcecode.c.objc; path = main.m; sourceTree = "<group>"; };
		9CEEFF611ABBAFFB003C2578 /* AppDelegate.h */ = {isa = PBXFileReference; lastKnownFileType = sourcecode.c.h; path = AppDelegate.h; sourceTree = "<group>"; };
		9CEEFF621ABBAFFB003C2578 /* AppDelegate.m */ = {isa = PBXFileReference; lastKnownFileType = sourcecode.c.objc; path = AppDelegate.m; sourceTree = "<group>"; };
		9CEEFF641ABBAFFB003C2578 /* ViewController.h */ = {isa = PBXFileReference; lastKnownFileType = sourcecode.c.h; path = ViewController.h; sourceTree = "<group>"; };
		9CEEFF651ABBAFFB003C2578 /* ViewController.m */ = {isa = PBXFileReference; lastKnownFileType = sourcecode.c.objc; path = ViewController.m; sourceTree = "<group>"; };
		9CEEFF681ABBAFFB003C2578 /* Base */ = {isa = PBXFileReference; lastKnownFileType = file.storyboard; name = Base; path = Base.lproj/Main.storyboard; sourceTree = "<group>"; };
		9CEEFF6A1ABBAFFB003C2578 /* Images.xcassets */ = {isa = PBXFileReference; lastKnownFileType = folder.assetcatalog; path = Images.xcassets; sourceTree = "<group>"; };
		9CEEFF6D1ABBAFFB003C2578 /* Base */ = {isa = PBXFileReference; lastKnownFileType = file.xib; name = Base; path = Base.lproj/LaunchScreen.xib; sourceTree = "<group>"; };
		9CEEFF731ABBAFFB003C2578 /* LHExtentionsTests.xctest */ = {isa = PBXFileReference; explicitFileType = wrapper.cfbundle; includeInIndex = 0; path = LHExtentionsTests.xctest; sourceTree = BUILT_PRODUCTS_DIR; };
		9CEEFF781ABBAFFB003C2578 /* Info.plist */ = {isa = PBXFileReference; lastKnownFileType = text.plist.xml; path = Info.plist; sourceTree = "<group>"; };
		9CEEFF791ABBAFFB003C2578 /* LHExtentionsTests.m */ = {isa = PBXFileReference; lastKnownFileType = sourcecode.c.objc; path = LHExtentionsTests.m; sourceTree = "<group>"; };
/* End PBXFileReference section */

/* Begin PBXFrameworksBuildPhase section */
		9CEEFF571ABBAFFB003C2578 /* Frameworks */ = {
			isa = PBXFrameworksBuildPhase;
			buildActionMask = 2147483647;
			files = (
			);
			runOnlyForDeploymentPostprocessing = 0;
		};
		9CEEFF701ABBAFFB003C2578 /* Frameworks */ = {
			isa = PBXFrameworksBuildPhase;
			buildActionMask = 2147483647;
			files = (
			);
			runOnlyForDeploymentPostprocessing = 0;
		};
/* End PBXFrameworksBuildPhase section */

/* Begin PBXGroup section */
		9CEEFF511ABBAFFB003C2578 = {
			isa = PBXGroup;
			children = (
				9CEEFF5C1ABBAFFB003C2578 /* LHExtentions */,
				9CEEFF761ABBAFFB003C2578 /* LHExtentionsTests */,
				9CEEFF5B1ABBAFFB003C2578 /* Products */,
			);
			sourceTree = "<group>";
		};
		9CEEFF5B1ABBAFFB003C2578 /* Products */ = {
			isa = PBXGroup;
			children = (
				9CEEFF5A1ABBAFFB003C2578 /* LHExtentions.app */,
				9CEEFF731ABBAFFB003C2578 /* LHExtentionsTests.xctest */,
			);
			name = Products;
			sourceTree = "<group>";
		};
		9CEEFF5C1ABBAFFB003C2578 /* LHExtentions */ = {
			isa = PBXGroup;
			children = (
				9CEEFF611ABBAFFB003C2578 /* AppDelegate.h */,
				9CEEFF621ABBAFFB003C2578 /* AppDelegate.m */,
				9CEEFF641ABBAFFB003C2578 /* ViewController.h */,
				9CEEFF651ABBAFFB003C2578 /* ViewController.m */,
				9CEEFF671ABBAFFB003C2578 /* Main.storyboard */,
				9CEEFF6A1ABBAFFB003C2578 /* Images.xcassets */,
				9CEEFF6C1ABBAFFB003C2578 /* LaunchScreen.xib */,
				9CEEFF5D1ABBAFFB003C2578 /* Supporting Files */,
			);
			path = LHExtentions;
			sourceTree = "<group>";
		};
		9CEEFF5D1ABBAFFB003C2578 /* Supporting Files */ = {
			isa = PBXGroup;
			children = (
				9CEEFF5E1ABBAFFB003C2578 /* Info.plist */,
				9CEEFF5F1ABBAFFB003C2578 /* main.m */,
			);
			name = "Supporting Files";
			sourceTree = "<group>";
		};
		9CEEFF761ABBAFFB003C2578 /* LHExtentionsTests */ = {
			isa = PBXGroup;
			children = (
				9CEEFF791ABBAFFB003C2578 /* LHExtentionsTests.m */,
				9CEEFF771ABBAFFB003C2578 /* Supporting Files */,
			);
			path = LHExtentionsTests;
			sourceTree = "<group>";
		};
		9CEEFF771ABBAFFB003C2578 /* Supporting Files */ = {
			isa = PBXGroup;
			children = (
				9CEEFF781ABBAFFB003C2578 /* Info.plist */,
			);
			name = "Supporting Files";
			sourceTree = "<group>";
		};
/* End PBXGroup section */

/* Begin PBXNativeTarget section */
		9CEEFF591ABBAFFB003C2578 /* LHExtentions */ = {
			isa = PBXNativeTarget;
			buildConfigurationList = 9CEEFF7D1ABBAFFB003C2578 /* Build configuration list for PBXNativeTarget "LHExtentions" */;
			buildPhases = (
				9CEEFF561ABBAFFB003C2578 /* Sources */,
				9CEEFF571ABBAFFB003C2578 /* Frameworks */,
				9CEEFF581ABBAFFB003C2578 /* Resources */,
			);
			buildRules = (
			);
			dependencies = (
			);
			name = LHExtentions;
			productName = LHExtentions;
			productReference = 9CEEFF5A1ABBAFFB003C2578 /* LHExtentions.app */;
			productType = "com.apple.product-type.application";
		};
		9CEEFF721ABBAFFB003C2578 /* LHExtentionsTests */ = {
			isa = PBXNativeTarget;
			buildConfigurationList = 9CEEFF801ABBAFFB003C2578 /* Build configuration list for PBXNativeTarget "LHExtentionsTests" */;
			buildPhases = (
				9CEEFF6F1ABBAFFB003C2578 /* Sources */,
				9CEEFF701ABBAFFB003C2578 /* Frameworks */,
				9CEEFF711ABBAFFB003C2578 /* Resources */,
			);
			buildRules = (
			);
			dependencies = (
				9CEEFF751ABBAFFB003C2578 /* PBXTargetDependency */,
			);
			name = LHExtentionsTests;
			productName = LHExtentionsTests;
			productReference = 9CEEFF731ABBAFFB003C2578 /* LHExtentionsTests.xctest */;
			productType = "com.apple.product-type.bundle.unit-test";
		};
/* End PBXNativeTarget section */

/* Begin PBXProject section */
		9CEEFF521ABBAFFB003C2578 /* Project object */ = {
			isa = PBXProject;
			attributes = {
				LastUpgradeCheck = 0620;
				ORGANIZATIONNAME = org.richard.lihui;
				TargetAttributes = {
					9CEEFF591ABBAFFB003C2578 = {
						CreatedOnToolsVersion = 6.2;
					};
					9CEEFF721ABBAFFB003C2578 = {
						CreatedOnToolsVersion = 6.2;
						TestTargetID = 9CEEFF591ABBAFFB003C2578;
					};
				};
			};
			buildConfigurationList = 9CEEFF551ABBAFFB003C2578 /* Build configuration list for PBXProject "LHExtentions" */;
			compatibilityVersion = "Xcode 3.2";
			developmentRegion = English;
			hasScannedForEncodings = 0;
			knownRegions = (
				en,
				Base,
			);
			mainGroup = 9CEEFF511ABBAFFB003C2578;
			productRefGroup = 9CEEFF5B1ABBAFFB003C2578 /* Products */;
			projectDirPath = "";
			projectRoot = "";
			targets = (
				9CEEFF591ABBAFFB003C2578 /* LHExtentions */,
				9CEEFF721ABBAFFB003C2578 /* LHExtentionsTests */,
			);
		};
/* End PBXProject section */

/* Begin PBXResourcesBuildPhase section */
		9CEEFF581ABBAFFB003C2578 /* Resources */ = {
			isa = PBXResourcesBuildPhase;
			buildActionMask = 2147483647;
			files = (
				9CEEFF691ABBAFFB003C2578 /* Main.storyboard in Resources */,
				9CEEFF6E1ABBAFFB003C2578 /* LaunchScreen.xib in Resources */,
				9CEEFF6B1ABBAFFB003C2578 /* Images.xcassets in Resources */,
			);
			runOnlyForDeploymentPostprocessing = 0;
		};
		9CEEFF711ABBAFFB003C2578 /* Resources */ = {
			isa = PBXResourcesBuildPhase;
			buildActionMask = 2147483647;
			files = (
			);
			runOnlyForDeploymentPostprocessing = 0;
		};
/* End PBXResourcesBuildPhase section */

/* Begin PBXSourcesBuildPhase section */
		9CEEFF561ABBAFFB003C2578 /* Sources */ = {
			isa = PBXSourcesBuildPhase;
			buildActionMask = 2147483647;
			files = (
				9CEEFF661ABBAFFB003C2578 /* ViewController.m in Sources */,
				9CEEFF631ABBAFFB003C2578 /* AppDelegate.m in Sources */,
				9CEEFF601ABBAFFB003C2578 /* main.m in Sources */,
			);
			runOnlyForDeploymentPostprocessing = 0;
		};
		9CEEFF6F1ABBAFFB003C2578 /* Sources */ = {
			isa = PBXSourcesBuildPhase;
			buildActionMask = 2147483647;
			files = (
				9CEEFF7A1ABBAFFB003C2578 /* LHExtentionsTests.m in Sources */,
			);
			runOnlyForDeploymentPostprocessing = 0;
		};
/* End PBXSourcesBuildPhase section */

/* Begin PBXTargetDependency section */
		9CEEFF751ABBAFFB003C2578 /* PBXTargetDependency */ = {
			isa = PBXTargetDependency;
			target = 9CEEFF591ABBAFFB003C2578 /* LHExtentions */;
			targetProxy = 9CEEFF741ABBAFFB003C2578 /* PBXContainerItemProxy */;
		};
/* End PBXTargetDependency section */

/* Begin PBXVariantGroup section */
		9CEEFF671ABBAFFB003C2578 /* Main.storyboard */ = {
			isa = PBXVariantGroup;
			children = (
				9CEEFF681ABBAFFB003C2578 /* Base */,
			);
			name = Main.storyboard;
			sourceTree = "<group>";
		};
		9CEEFF6C1ABBAFFB003C2578 /* LaunchScreen.xib */ = {
			isa = PBXVariantGroup;
			children = (
				9CEEFF6D1ABBAFFB003C2578 /* Base */,
			);
			name = LaunchScreen.xib;
			sourceTree = "<group>";
		};
/* End PBXVariantGroup section */

/* Begin XCBuildConfiguration section */
		9CEEFF7B1ABBAFFB003C2578 /* Debug */ = {
			isa = XCBuildConfiguration;
			buildSettings = {
				ALWAYS_SEARCH_USER_PATHS = NO;
				CLANG_CXX_LANGUAGE_STANDARD = "gnu++0x";
				CLANG_CXX_LIBRARY = "libc++";
				CLANG_ENABLE_MODULES = YES;
				CLANG_ENABLE_OBJC_ARC = YES;
				CLANG_WARN_BOOL_CONVERSION = YES;
				CLANG_WARN_CONSTANT_CONVERSION = YES;
				CLANG_WARN_DIRECT_OBJC_ISA_USAGE = YES_ERROR;
				CLANG_WARN_EMPTY_BODY = YES;
				CLANG_WARN_ENUM_CONVERSION = YES;
				CLANG_WARN_INT_CONVERSION = YES;
				CLANG_WARN_OBJC_ROOT_CLASS = YES_ERROR;
				CLANG_WARN_UNREACHABLE_CODE = YES;
				CLANG_WARN__DUPLICATE_METHOD_MATCH = YES;
				"CODE_SIGN_IDENTITY[sdk=iphoneos*]" = "iPhone Developer";
				COPY_PHASE_STRIP = NO;
				ENABLE_STRICT_OBJC_MSGSEND = YES;
				GCC_C_LANGUAGE_STANDARD = gnu99;
				GCC_DYNAMIC_NO_PIC = NO;
				GCC_OPTIMIZATION_LEVEL = 0;
				GCC_PREPROCESSOR_DEFINITIONS = (
					"DEBUG=1",
					"$(inherited)",
				);
				GCC_SYMBOLS_PRIVATE_EXTERN = NO;
				GCC_WARN_64_TO_32_BIT_CONVERSION = YES;
				GCC_WARN_ABOUT_RETURN_TYPE = YES_ERROR;
				GCC_WARN_UNDECLARED_SELECTOR = YES;
				GCC_WARN_UNINITIALIZED_AUTOS = YES_AGGRESSIVE;
				GCC_WARN_UNUSED_FUNCTION = YES;
				GCC_WARN_UNUSED_VARIABLE = YES;
				IPHONEOS_DEPLOYMENT_TARGET = 8.2;
				MTL_ENABLE_DEBUG_INFO = YES;
				ONLY_ACTIVE_ARCH = YES;
				SDKROOT = iphoneos;
				TARGETED_DEVICE_FAMILY = "1,2";
			};
			name = Debug;
		};
		9CEEFF7C1ABBAFFB003C2578 /* Release */ = {
			isa = XCBuildConfiguration;
			buildSettings = {
				ALWAYS_SEARCH_USER_PATHS = NO;
				CLANG_CXX_LANGUAGE_STANDARD = "gnu++0x";
				CLANG_CXX_LIBRARY = "libc++";
				CLANG_ENABLE_MODULES = YES;
				CLANG_ENABLE_OBJC_ARC = YES;
				CLANG_WARN_BOOL_CONVERSION = YES;
				CLANG_WARN_CONSTANT_CONVERSION = YES;
				CLANG_WARN_DIRECT_OBJC_ISA_USAGE = YES_ERROR;
				CLANG_WARN_EMPTY_BODY = YES;
				CLANG_WARN_ENUM_CONVERSION = YES;
				CLANG_WARN_INT_CONVERSION = YES;
				CLANG_WARN_OBJC_ROOT_CLASS = YES_ERROR;
				CLANG_WARN_UNREACHABLE_CODE = YES;
				CLANG_WARN__DUPLICATE_METHOD_MATCH = YES;
				"CODE_SIGN_IDENTITY[sdk=iphoneos*]" = "iPhone Developer";
				COPY_PHASE_STRIP = NO;
				ENABLE_NS_ASSERTIONS = NO;
				ENABLE_STRICT_OBJC_MSGSEND = YES;
				GCC_C_LANGUAGE_STANDARD = gnu99;
				GCC_WARN_64_TO_32_BIT_CONVERSION = YES;
				GCC_WARN_ABOUT_RETURN_TYPE = YES_ERROR;
				GCC_WARN_UNDECLARED_SELECTOR = YES;
				GCC_WARN_UNINITIALIZED_AUTOS = YES_AGGRESSIVE;
				GCC_WARN_UNUSED_FUNCTION = YES;
				GCC_WARN_UNUSED_VARIABLE = YES;
				IPHONEOS_DEPLOYMENT_TARGET = 8.2;
				MTL_ENABLE_DEBUG_INFO = NO;
				SDKROOT = iphoneos;
				TARGETED_DEVICE_FAMILY = "1,2";
				VALIDATE_PRODUCT = YES;
			};
			name = Release;
		};
		9CEEFF7E1ABBAFFB003C2578 /* Debug */ = {
			isa = XCBuildConfiguration;
			buildSettings = {
				ASSETCATALOG_COMPILER_APPICON_NAME = AppIcon;
				INFOPLIST_FILE = LHExtentions/Info.plist;
				LD_RUNPATH_SEARCH_PATHS = "$(inherited) @executable_path/Frameworks";
				PRODUCT_NAME = "$(TARGET_NAME)";
			};
			name = Debug;
		};
		9CEEFF7F1ABBAFFB003C2578 /* Release */ = {
			isa = XCBuildConfiguration;
			buildSettings = {
				ASSETCATALOG_COMPILER_APPICON_NAME = AppIcon;
				INFOPLIST_FILE = LHExtentions/Info.plist;
				LD_RUNPATH_SEARCH_PATHS = "$(inherited) @executable_path/Frameworks";
				PRODUCT_NAME = "$(TARGET_NAME)";
			};
			name = Release;
		};
		9CEEFF811ABBAFFB003C2578 /* Debug */ = {
			isa = XCBuildConfiguration;
			buildSettings = {
				BUNDLE_LOADER = "$(TEST_HOST)";
				FRAMEWORK_SEARCH_PATHS = (
					"$(SDKROOT)/Developer/Library/Frameworks",
					"$(inherited)",
				);
				GCC_PREPROCESSOR_DEFINITIONS = (
					"DEBUG=1",
					"$(inherited)",
				);
				INFOPLIST_FILE = LHExtentionsTests/Info.plist;
				LD_RUNPATH_SEARCH_PATHS = "$(inherited) @executable_path/Frameworks @loader_path/Frameworks";
				PRODUCT_NAME = "$(TARGET_NAME)";
				TEST_HOST = "$(BUILT_PRODUCTS_DIR)/LHExtentions.app/LHExtentions";
			};
			name = Debug;
		};
		9CEEFF821ABBAFFB003C2578 /* Release */ = {
			isa = XCBuildConfiguration;
			buildSettings = {
				BUNDLE_LOADER = "$(TEST_HOST)";
				FRAMEWORK_SEARCH_PATHS = (
					"$(SDKROOT)/Developer/Library/Frameworks",
					"$(inherited)",
				);
				INFOPLIST_FILE = LHExtentionsTests/Info.plist;
				LD_RUNPATH_SEARCH_PATHS = "$(inherited) @executable_path/Frameworks @loader_path/Frameworks";
				PRODUCT_NAME = "$(TARGET_NAME)";
				TEST_HOST = "$(BUILT_PRODUCTS_DIR)/LHExtentions.app/LHExtentions";
			};
			name = Release;
		};
/* End XCBuildConfiguration section */

/* Begin XCConfigurationList section */
		9CEEFF551ABBAFFB003C2578 /* Build configuration list for PBXProject "LHExtentions" */ = {
			isa = XCConfigurationList;
			buildConfigurations = (
				9CEEFF7B1ABBAFFB003C2578 /* Debug */,
				9CEEFF7C1ABBAFFB003C2578 /* Release */,
			);
			defaultConfigurationIsVisible = 0;
			defaultConfigurationName = Release;
		};
		9CEEFF7D1ABBAFFB003C2578 /* Build configuration list for PBXNativeTarget "LHExtentions" */ = {
			isa = XCConfigurationList;
			buildConfigurations = (
				9CEEFF7E1ABBAFFB003C2578 /* Debug */,
				9CEEFF7F1ABBAFFB003C2578 /* Release */,
			);
			defaultConfigurationIsVisible = 0;
		};
		9CEEFF801ABBAFFB003C2578 /* Build configuration list for PBXNativeTarget "LHExtentionsTests" */ = {
			isa = XCConfigurationList;
			buildConfigurations = (
				9CEEFF811ABBAFFB003C2578 /* Debug */,
				9CEEFF821ABBAFFB003C2578 /* Release */,
			);
			defaultConfigurationIsVisible = 0;
		};
/* End XCConfigurationList section */
	};
	rootObject = 9CEEFF521ABBAFFB003C2578 /* Project object */;
}
